dependencies:
  espressif/esp-zboss-lib:
    component_hash: 5293786c3232bcc200c2e34aeef515ab0564dccda2e8c2613b0bb6b0a6f819a7
    source:
      service_url: https://api.components.espressif.com/
      type: service
    version: 1.2.0
  espressif/esp-zigbee-lib:
    component_hash: d9c2e20058b1cd5cc31e9399cf7b939f80e000b3088f9895ba806b4b2217994a
    source:
      service_url: https://api.components.espressif.com/
      type: service
    version: 1.2.0
  espressif/led_strip:
    component_hash: ed1d5c6113fa545e20c7be17e6e7c09d43b18fcb43068e2b2b27a412de6a405a
    source:
      service_url: https://api.components.espressif.com/
      type: service
    version: 2.5.2
  espressif/zlib:
    component_hash: d02694c45427179ad06fde9c5e2bd3661f5f2c0bae34ac9dbbe8a481365ed8f3
    source:
      service_url: https://api.components.espressif.com/
      type: service
    version: 1.2.13~1
  idf:
    component_hash: null
    source:
      type: idf
    version: 5.3.0
manifest_hash: 6c954f41d0836ff8d6d8b2da4d6134522de62b90427627eb53450cdcbd2ef3ee
target: esp32c6
version: 1.0.0
